// !$*UTF8*$!
{
	archiveVersion = 1;
	classes = {
	};
	objectVersion = 46;
	objects = {

/* Begin PBXBuildFile section */
		29234DF11D781C6700F80A8F /* main.m in Sources */ = {isa = PBXBuildFile; fileRef = 29234DF01D781C6700F80A8F /* main.m */; };
		29234DF41D781C6700F80A8F /* AppDelegate.m in Sources */ = {isa = PBXBuildFile; fileRef = 29234DF31D781C6700F80A8F /* AppDelegate.m */; };
		29234DF71D781C6700F80A8F /* ViewController.m in Sources */ = {isa = PBXBuildFile; fileRef = 29234DF61D781C6700F80A8F /* ViewController.m */; };
		29234DFA1D781C6700F80A8F /* Main.storyboard in Resources */ = {isa = PBXBuildFile; fileRef = 29234DF81D781C6700F80A8F /* Main.storyboard */; };
		29234DFC1D781C6700F80A8F /* Assets.xcassets in Resources */ = {isa = PBXBuildFile; fileRef = 29234DFB1D781C6700F80A8F /* Assets.xcassets */; };
		29234DFF1D781C6700F80A8F /* LaunchScreen.storyboard in Resources */ = {isa = PBXBuildFile; fileRef = 29234DFD1D781C6700F80A8F /* LaunchScreen.storyboard */; };
		29234E0A1D781C6700F80A8F /* TouchInSideUITests.m in Sources */ = {isa = PBXBuildFile; fileRef = 29234E091D781C6700F80A8F /* TouchInSideUITests.m */; };
		29234E161D781E8700F80A8F /* BaseView.m in Sources */ = {isa = PBXBuildFile; fileRef = 29234E151D781E8700F80A8F /* BaseView.m */; };
		29BD83991D87FEC500AECA61 /* testBtn.m in Sources */ = {isa = PBXBuildFile; fileRef = 29BD83981D87FEC500AECA61 /* testBtn.m */; };
/* End PBXBuildFile section */

/* Begin PBXContainerItemProxy section */
		29234E061D781C6700F80A8F /* PBXContainerItemProxy */ = {
			isa = PBXContainerItemProxy;
			containerPortal = 29234DE41D781C6700F80A8F /* Project object */;
			proxyType = 1;
			remoteGlobalIDString = 29234DEB1D781C6700F80A8F;
			remoteInfo = TouchInSide;
		};
/* End PBXContainerItemProxy section */

/* Begin PBXFileReference section */
		29234DEC1D781C6700F80A8F /* TouchInSide.app */ = {isa = PBXFileReference; explicitFileType = wrapper.application; includeInIndex = 0; path = TouchInSide.app; sourceTree = BUILT_PRODUCTS_DIR; };
		29234DF01D781C6700F80A8F /* main.m */ = {isa = PBXFileReference; lastKnownFileType = sourcecode.c.objc; path = main.m; sourceTree = "<group>"; };
		29234DF21D781C6700F80A8F /* AppDelegate.h */ = {isa = PBXFileReference; lastKnownFileType = sourcecode.c.h; path = AppDelegate.h; sourceTree = "<group>"; };
		29234DF31D781C6700F80A8F /* AppDelegate.m */ = {isa = PBXFileReference; lastKnownFileType = sourcecode.c.objc; path = AppDelegate.m; sourceTree = "<group>"; };
		29234DF51D781C6700F80A8F /* ViewController.h */ = {isa = PBXFileReference; lastKnownFileType = sourcecode.c.h; path = ViewController.h; sourceTree = "<group>"; };
		29234DF61D781C6700F80A8F /* ViewController.m */ = {isa = PBXFileReference; lastKnownFileType = sourcecode.c.objc; path = ViewController.m; sourceTree = "<group>"; };
		29234DF91D781C6700F80A8F /* Base */ = {isa = PBXFileReference; lastKnownFileType = file.storyboard; name = Base; path = Base.lproj/Main.storyboard; sourceTree = "<group>"; };
		29234DFB1D781C6700F80A8F /* Assets.xcassets */ = {isa = PBXFileReference; lastKnownFileType = folder.assetcatalog; path = Assets.xcassets; sourceTree = "<group>"; };
		29234DFE1D781C6700F80A8F /* Base */ = {isa = PBXFileReference; lastKnownFileType = file.storyboard; name = Base; path = Base.lproj/LaunchScreen.storyboard; sourceTree = "<group>"; };
		29234E001D781C6700F80A8F /* Info.plist */ = {isa = PBXFileReference; lastKnownFileType = text.plist.xml; path = Info.plist; sourceTree = "<group>"; };
		29234E051D781C6700F80A8F /* TouchInSideUITests.xctest */ = {isa = PBXFileReference; explicitFileType = wrapper.cfbundle; includeInIndex = 0; path = TouchInSideUITests.xctest; sourceTree = BUILT_PRODUCTS_DIR; };
		29234E091D781C6700F80A8F /* TouchInSideUITests.m */ = {isa = PBXFileReference; lastKnownFileType = sourcecode.c.objc; path = TouchInSideUITests.m; sourceTree = "<group>"; };
		29234E0B1D781C6700F80A8F /* Info.plist */ = {isa = PBXFileReference; lastKnownFileType = text.plist.xml; path = Info.plist; sourceTree = "<group>"; };
		29234E141D781E8700F80A8F /* BaseView.h */ = {isa = PBXFileReference; fileEncoding = 4; lastKnownFileType = sourcecode.c.h; path = BaseView.h; sourceTree = "<group>"; };
		29234E151D781E8700F80A8F /* BaseView.m */ = {isa = PBXFileReference; fileEncoding = 4; lastKnownFileType = sourcecode.c.objc; path = BaseView.m; sourceTree = "<group>"; };
		29BD83971D87FEC500AECA61 /* testBtn.h */ = {isa = PBXFileReference; fileEncoding = 4; lastKnownFileType = sourcecode.c.h; path = testBtn.h; sourceTree = "<group>"; };
		29BD83981D87FEC500AECA61 /* testBtn.m */ = {isa = PBXFileReference; fileEncoding = 4; lastKnownFileType = sourcecode.c.objc; path = testBtn.m; sourceTree = "<group>"; };
/* End PBXFileReference section */

/* Begin PBXFrameworksBuildPhase section */
		29234DE91D781C6700F80A8F /* Frameworks */ = {
			isa = PBXFrameworksBuildPhase;
			buildActionMask = 2147483647;
			files = (
			);
			runOnlyForDeploymentPostprocessing = 0;
		};
		29234E021D781C6700F80A8F /* Frameworks */ = {
			isa = PBXFrameworksBuildPhase;
			buildActionMask = 2147483647;
			files = (
			);
			runOnlyForDeploymentPostprocessing = 0;
		};
/* End PBXFrameworksBuildPhase section */

/* Begin PBXGroup section */
		29234DE31D781C6700F80A8F = {
			isa = PBXGroup;
			children = (
				29234DEE1D781C6700F80A8F /* TouchInSide */,
				29234E081D781C6700F80A8F /* TouchInSideUITests */,
				29234DED1D781C6700F80A8F /* Products */,
			);
			sourceTree = "<group>";
		};
		29234DED1D781C6700F80A8F /* Products */ = {
			isa = PBXGroup;
			children = (
				29234DEC1D781C6700F80A8F /* TouchInSide.app */,
				29234E051D781C6700F80A8F /* TouchInSideUITests.xctest */,
			);
			name = Products;
			sourceTree = "<group>";
		};
		29234DEE1D781C6700F80A8F /* TouchInSide */ = {
			isa = PBXGroup;
			children = (
				29234DF21D781C6700F80A8F /* AppDelegate.h */,
				29234DF31D781C6700F80A8F /* AppDelegate.m */,
				29234DF51D781C6700F80A8F /* ViewController.h */,
				29234DF61D781C6700F80A8F /* ViewController.m */,
				29234E141D781E8700F80A8F /* BaseView.h */,
				29234E151D781E8700F80A8F /* BaseView.m */,
				29BD83971D87FEC500AECA61 /* testBtn.h */,
				29BD83981D87FEC500AECA61 /* testBtn.m */,
				29234DF81D781C6700F80A8F /* Main.storyboard */,
				29234DFB1D781C6700F80A8F /* Assets.xcassets */,
				29234DFD1D781C6700F80A8F /* LaunchScreen.storyboard */,
				29234E001D781C6700F80A8F /* Info.plist */,
				29234DEF1D781C6700F80A8F /* Supporting Files */,
			);
			path = TouchInSide;
			sourceTree = "<group>";
		};
		29234DEF1D781C6700F80A8F /* Supporting Files */ = {
			isa = PBXGroup;
			children = (
				29234DF01D781C6700F80A8F /* main.m */,
			);
			name = "Supporting Files";
			sourceTree = "<group>";
		};
		29234E081D781C6700F80A8F /* TouchInSideUITests */ = {
			isa = PBXGroup;
			children = (
				29234E091D781C6700F80A8F /* TouchInSideUITests.m */,
				29234E0B1D781C6700F80A8F /* Info.plist */,
			);
			path = TouchInSideUITests;
			sourceTree = "<group>";
		};
/* End PBXGroup section */

/* Begin PBXNativeTarget section */
		29234DEB1D781C6700F80A8F /* TouchInSide */ = {
			isa = PBXNativeTarget;
			buildConfigurationList = 29234E0E1D781C6700F80A8F /* Build configuration list for PBXNativeTarget "TouchInSide" */;
			buildPhases = (
				29234DE81D781C6700F80A8F /* Sources */,
				29234DE91D781C6700F80A8F /* Frameworks */,
				29234DEA1D781C6700F80A8F /* Resources */,
			);
			buildRules = (
			);
			dependencies = (
			);
			name = TouchInSide;
			productName = TouchInSide;
			productReference = 29234DEC1D781C6700F80A8F /* TouchInSide.app */;
			productType = "com.apple.product-type.application";
		};
		29234E041D781C6700F80A8F /* TouchInSideUITests */ = {
			isa = PBXNativeTarget;
			buildConfigurationList = 29234E111D781C6700F80A8F /* Build configuration list for PBXNativeTarget "TouchInSideUITests" */;
			buildPhases = (
				29234E011D781C6700F80A8F /* Sources */,
				29234E021D781C6700F80A8F /* Frameworks */,
				29234E031D781C6700F80A8F /* Resources */,
			);
			buildRules = (
			);
			dependencies = (
				29234E071D781C6700F80A8F /* PBXTargetDependency */,
			);
			name = TouchInSideUITests;
			productName = TouchInSideUITests;
			productReference = 29234E051D781C6700F80A8F /* TouchInSideUITests.xctest */;
			productType = "com.apple.product-type.bundle.ui-testing";
		};
/* End PBXNativeTarget section */

/* Begin PBXProject section */
		29234DE41D781C6700F80A8F /* Project object */ = {
			isa = PBXProject;
			attributes = {
				LastUpgradeCheck = 0730;
				ORGANIZATIONNAME = desire.wu;
				TargetAttributes = {
					29234DEB1D781C6700F80A8F = {
						CreatedOnToolsVersion = 7.3.1;
						DevelopmentTeam = 6RR6X2L9P2;
					};
					29234E041D781C6700F80A8F = {
						CreatedOnToolsVersion = 7.3.1;
						DevelopmentTeam = 6RR6X2L9P2;
						TestTargetID = 29234DEB1D781C6700F80A8F;
					};
				};
			};
			buildConfigurationList = 29234DE71D781C6700F80A8F /* Build configuration list for PBXProject "TouchInSide" */;
			compatibilityVersion = "Xcode 3.2";
			developmentRegion = English;
			hasScannedForEncodings = 0;
			knownRegions = (
				en,
				Base,
			);
			mainGroup = 29234DE31D781C6700F80A8F;
			productRefGroup = 29234DED1D781C6700F80A8F /* Products */;
			projectDirPath = "";
			projectRoot = "";
			targets = (
				29234DEB1D781C6700F80A8F /* TouchInSide */,
				29234E041D781C6700F80A8F /* TouchInSideUITests */,
			);
		};
/* End PBXProject section */

/* Begin PBXResourcesBuildPhase section */
		29234DEA1D781C6700F80A8F /* Resources */ = {
			isa = PBXResourcesBuildPhase;
			buildActionMask = 2147483647;
			files = (
				29234DFF1D781C6700F80A8F /* LaunchScreen.storyboard in Resources */,
				29234DFC1D781C6700F80A8F /* Assets.xcassets in Resources */,
				29234DFA1D781C6700F80A8F /* Main.storyboard in Resources */,
			);
			runOnlyForDeploymentPostprocessing = 0;
		};
		29234E031D781C6700F80A8F /* Resources */ = {
			isa = PBXResourcesBuildPhase;
			buildActionMask = 2147483647;
			files = (
			);
			runOnlyForDeploymentPostprocessing = 0;
		};
/* End PBXResourcesBuildPhase section */

/* Begin PBXSourcesBuildPhase section */
		29234DE81D781C6700F80A8F /* Sources */ = {
			isa = PBXSourcesBuildPhase;
			buildActionMask = 2147483647;
			files = (
				29234DF71D781C6700F80A8F /* ViewController.m in Sources */,
				29234DF41D781C6700F80A8F /* AppDelegate.m in Sources */,
				29234DF11D781C6700F80A8F /* main.m in Sources */,
				29234E161D781E8700F80A8F /* BaseView.m in Sources */,
				29BD83991D87FEC500AECA61 /* testBtn.m in Sources */,
			);
			runOnlyForDeploymentPostprocessing = 0;
		};
		29234E011D781C6700F80A8F /* Sources */ = {
			isa = PBXSourcesBuildPhase;
			buildActionMask = 2147483647;
			files = (
				29234E0A1D781C6700F80A8F /* TouchInSideUITests.m in Sources */,
			);
			runOnlyForDeploymentPostprocessing = 0;
		};
/* End PBXSourcesBuildPhase section */

/* Begin PBXTargetDependency section */
		29234E071D781C6700F80A8F /* PBXTargetDependency */ = {
			isa = PBXTargetDependency;
			target = 29234DEB1D781C6700F80A8F /* TouchInSide */;
			targetProxy = 29234E061D781C6700F80A8F /* PBXContainerItemProxy */;
		};
/* End PBXTargetDependency section */

/* Begin PBXVariantGroup section */
		29234DF81D781C6700F80A8F /* Main.storyboard */ = {
			isa = PBXVariantGroup;
			children = (
				29234DF91D781C6700F80A8F /* Base */,
			);
			name = Main.storyboard;
			sourceTree = "<group>";
		};
		29234DFD1D781C6700F80A8F /* LaunchScreen.storyboard */ = {
			isa = PBXVariantGroup;
			children = (
				29234DFE1D781C6700F80A8F /* Base */,
			);
			name = LaunchScreen.storyboard;
			sourceTree = "<group>";
		};
/* End PBXVariantGroup section */

/* Begin XCBuildConfiguration section */
		29234E0C1D781C6700F80A8F /* Debug */ = {
			isa = XCBuildConfiguration;
			buildSettings = {
				ALWAYS_SEARCH_USER_PATHS = NO;
				CLANG_ANALYZER_NONNULL = YES;
				CLANG_CXX_LANGUAGE_STANDARD = "gnu++0x";
				CLANG_CXX_LIBRARY = "libc++";
				CLANG_ENABLE_MODULES = YES;
				CLANG_ENABLE_OBJC_ARC = YES;
				CLANG_WARN_BOOL_CONVERSION = YES;
				CLANG_WARN_CONSTANT_CONVERSION = YES;
				CLANG_WARN_DIRECT_OBJC_ISA_USAGE = YES_ERROR;
				CLANG_WARN_EMPTY_BODY = YES;
				CLANG_WARN_ENUM_CONVERSION = YES;
				CLANG_WARN_INT_CONVERSION = YES;
				CLANG_WARN_OBJC_ROOT_CLASS = YES_ERROR;
				CLANG_WARN_UNREACHABLE_CODE = YES;
				CLANG_WARN__DUPLICATE_METHOD_MATCH = YES;
				"CODE_SIGN_IDENTITY[sdk=iphoneos*]" = "iPhone Developer";
				COPY_PHASE_STRIP = NO;
				DEBUG_INFORMATION_FORMAT = dwarf;
				ENABLE_STRICT_OBJC_MSGSEND = YES;
				ENABLE_TESTABILITY = YES;
				GCC_C_LANGUAGE_STANDARD = gnu99;
				GCC_DYNAMIC_NO_PIC = NO;
				GCC_NO_COMMON_BLOCKS = YES;
				GCC_OPTIMIZATION_LEVEL = 0;
				GCC_PREPROCESSOR_DEFINITIONS = (
					"DEBUG=1",
					"$(inherited)",
				);
				GCC_WARN_64_TO_32_BIT_CONVERSION = YES;
				GCC_WARN_ABOUT_RETURN_TYPE = YES_ERROR;
				GCC_WARN_UNDECLARED_SELECTOR = YES;
				GCC_WARN_UNINITIALIZED_AUTOS = YES_AGGRESSIVE;
				GCC_WARN_UNUSED_FUNCTION = YES;
				GCC_WARN_UNUSED_VARIABLE = YES;
				IPHONEOS_DEPLOYMENT_TARGET = 9.3;
				MTL_ENABLE_DEBUG_INFO = YES;
				ONLY_ACTIVE_ARCH = YES;
				SDKROOT = iphoneos;
			};
			name = Debug;
		};
		29234E0D1D781C6700F80A8F /* Release */ = {
			isa = XCBuildConfiguration;
			buildSettings = {
				ALWAYS_SEARCH_USER_PATHS = NO;
				CLANG_ANALYZER_NONNULL = YES;
				CLANG_CXX_LANGUAGE_STANDARD = "gnu++0x";
				CLANG_CXX_LIBRARY = "libc++";
				CLANG_ENABLE_MODULES = YES;
				CLANG_ENABLE_OBJC_ARC = YES;
				CLANG_WARN_BOOL_CONVERSION = YES;
				CLANG_WARN_CONSTANT_CONVERSION = YES;
				CLANG_WARN_DIRECT_OBJC_ISA_USAGE = YES_ERROR;
				CLANG_WARN_EMPTY_BODY = YES;
				CLANG_WARN_ENUM_CONVERSION = YES;
				CLANG_WARN_INT_CONVERSION = YES;
				CLANG_WARN_OBJC_ROOT_CLASS = YES_ERROR;
				CLANG_WARN_UNREACHABLE_CODE = YES;
				CLANG_WARN__DUPLICATE_METHOD_MATCH = YES;
				"CODE_SIGN_IDENTITY[sdk=iphoneos*]" = "iPhone Developer";
				COPY_PHASE_STRIP = NO;
				DEBUG_INFORMATION_FORMAT = "dwarf-with-dsym";
				ENABLE_NS_ASSERTIONS = NO;
				ENABLE_STRICT_OBJC_MSGSEND = YES;
				GCC_C_LANGUAGE_STANDARD = gnu99;
				GCC_NO_COMMON_BLOCKS = YES;
				GCC_WARN_64_TO_32_BIT_CONVERSION = YES;
				GCC_WARN_ABOUT_RETURN_TYPE = YES_ERROR;
				GCC_WARN_UNDECLARED_SELECTOR = YES;
				GCC_WARN_UNINITIALIZED_AUTOS = YES_AGGRESSIVE;
				GCC_WARN_UNUSED_FUNCTION = YES;
				GCC_WARN_UNUSED_VARIABLE = YES;
				IPHONEOS_DEPLOYMENT_TARGET = 9.3;
				MTL_ENABLE_DEBUG_INFO = NO;
				SDKROOT = iphoneos;
				VALIDATE_PRODUCT = YES;
			};
			name = Release;
		};
		29234E0F1D781C6700F80A8F /* Debug */ = {
			isa = XCBuildConfiguration;
			buildSettings = {
				ASSETCATALOG_COMPILER_APPICON_NAME = AppIcon;
				CODE_SIGN_IDENTITY = "iPhone Developer";
				"CODE_SIGN_IDENTITY[sdk=iphoneos*]" = "iPhone Developer";
				INFOPLIST_FILE = TouchInSide/Info.plist;
				IPHONEOS_DEPLOYMENT_TARGET = 8.0;
				LD_RUNPATH_SEARCH_PATHS = "$(inherited) @executable_path/Frameworks";
				PRODUCT_BUNDLE_IDENTIFIER = com.jd.xy;
				PRODUCT_NAME = "$(TARGET_NAME)";
				PROVISIONING_PROFILE = "";
			};
			name = Debug;
		};
		29234E101D781C6700F80A8F /* Release */ = {
			isa = XCBuildConfiguration;
			buildSettings = {
				ASSETCATALOG_COMPILER_APPICON_NAME = AppIcon;
				CODE_SIGN_IDENTITY = "iPhone Developer";
				"CODE_SIGN_IDENTITY[sdk=iphoneos*]" = "iPhone Developer";
				INFOPLIST_FILE = TouchInSide/Info.plist;
				IPHONEOS_DEPLOYMENT_TARGET = 8.0;
				LD_RUNPATH_SEARCH_PATHS = "$(inherited) @executable_path/Frameworks";
				PRODUCT_BUNDLE_IDENTIFIER = com.jd.xy;
				PRODUCT_NAME = "$(TARGET_NAME)";
				PROVISIONING_PROFILE = "";
			};
			name = Release;
		};
		29234E121D781C6700F80A8F /* Debug */ = {
			isa = XCBuildConfiguration;
			buildSettings = {
				INFOPLIST_FILE = TouchInSideUITests/Info.plist;
				LD_RUNPATH_SEARCH_PATHS = "$(inherited) @executable_path/Frameworks @loader_path/Frameworks";
				PRODUCT_BUNDLE_IDENTIFIER = com.jd.TouchInSideUITests;
				PRODUCT_NAME = "$(TARGET_NAME)";
				TEST_TARGET_NAME = TouchInSide;
			};
			name = Debug;
		};
		29234E131D781C6700F80A8F /* Release */ = {
			isa = XCBuildConfiguration;
			buildSettings = {
				INFOPLIST_FILE = TouchInSideUITests/Info.plist;
				LD_RUNPATH_SEARCH_PATHS = "$(inherited) @executable_path/Frameworks @loader_path/Frameworks";
				PRODUCT_BUNDLE_IDENTIFIER = com.jd.TouchInSideUITests;
				PRODUCT_NAME = "$(TARGET_NAME)";
				TEST_TARGET_NAME = TouchInSide;
			};
			name = Release;
		};
/* End XCBuildConfiguration section */

/* Begin XCConfigurationList section */
		29234DE71D781C6700F80A8F /* Build configuration list for PBXProject "TouchInSide" */ = {
			isa = XCConfigurationList;
			buildConfigurations = (
				29234E0C1D781C6700F80A8F /* Debug */,
				29234E0D1D781C6700F80A8F /* Release */,
			);
			defaultConfigurationIsVisible = 0;
			defaultConfigurationName = Release;
		};
		29234E0E1D781C6700F80A8F /* Build configuration list for PBXNativeTarget "TouchInSide" */ = {
			isa = XCConfigurationList;
			buildConfigurations = (
				29234E0F1D781C6700F80A8F /* Debug */,
				29234E101D781C6700F80A8F /* Release */,
			);
			defaultConfigurationIsVisible = 0;
			defaultConfigurationName = Release;
		};
		29234E111D781C6700F80A8F /* Build configuration list for PBXNativeTarget "TouchInSideUITests" */ = {
			isa = XCConfigurationList;
			buildConfigurations = (
				29234E121D781C6700F80A8F /* Debug */,
				29234E131D781C6700F80A8F /* Release */,
			);
			defaultConfigurationIsVisible = 0;
			defaultConfigurationName = Release;
		};
/* End XCConfigurationList section */
	};
	rootObject = 29234DE41D781C6700F80A8F /* Project object */;
}
